
Microsoft Visual Studio Solution File, Format Version 12.00
# Visual Studio Version 17
VisualStudioVersion = 17.13.35825.156
MinimumVisualStudioVersion = 10.0.40219.1
Project("{FAE04EC0-301F-11D3-BF4B-00C04F79EFBC}") = "shoppersden", "shoppersden.csproj", "{8D49ADD9-F4B5-1265-191B-4907D4DD23FE}"
EndProject
Project("{FAE04EC0-301F-11D3-BF4B-00C04F79EFBC}") = "ShoppersDenv1", "..\ShoppersDenv1\ShoppersDenv1.csproj", "{F5850CB1-1FFD-4BED-B314-D36E09F2800C}"
EndProject
Project("{FAE04EC0-301F-11D3-BF4B-00C04F79EFBC}") = "ShoppersDenV2", "..\ShoppersDenV2\ShoppersDenV2.csproj", "{25B29373-A620-4921-9865-114069F87846}"
EndProject
Project("{FAE04EC0-301F-11D3-BF4B-00C04F79EFBC}") = "ShoppersDenV3", "..\ShoppersDenV3\ShoppersDenV3.csproj", "{9E0538DE-C45C-4930-A495-7F2CEC6031BB}"
EndProject
Global
	GlobalSection(SolutionConfigurationPlatforms) = preSolution
		Debug|Any CPU = Debug|Any CPU
		Release|Any CPU = Release|Any CPU
	EndGlobalSection
	GlobalSection(ProjectConfigurationPlatforms) = postSolution
		{8D49ADD9-F4B5-1265-191B-4907D4DD23FE}.Debug|Any CPU.ActiveCfg = Debug|Any CPU
		{8D49ADD9-F4B5-1265-191B-4907D4DD23FE}.Debug|Any CPU.Build.0 = Debug|Any CPU
		{8D49ADD9-F4B5-1265-191B-4907D4DD23FE}.Release|Any CPU.ActiveCfg = Release|Any CPU
		{8D49ADD9-F4B5-1265-191B-4907D4DD23FE}.Release|Any CPU.Build.0 = Release|Any CPU
		{F5850CB1-1FFD-4BED-B314-D36E09F2800C}.Debug|Any CPU.ActiveCfg = Debug|Any CPU
		{F5850CB1-1FFD-4BED-B314-D36E09F2800C}.Debug|Any CPU.Build.0 = Debug|Any CPU
		{F5850CB1-1FFD-4BED-B314-D36E09F2800C}.Release|Any CPU.ActiveCfg = Release|Any CPU
		{F5850CB1-1FFD-4BED-B314-D36E09F2800C}.Release|Any CPU.Build.0 = Release|Any CPU
		{25B29373-A620-4921-9865-114069F87846}.Debug|Any CPU.ActiveCfg = Debug|Any CPU
		{25B29373-A620-4921-9865-114069F87846}.Debug|Any CPU.Build.0 = Debug|Any CPU
		{25B29373-A620-4921-9865-114069F87846}.Release|Any CPU.ActiveCfg = Release|Any CPU
		{25B29373-A620-4921-9865-114069F87846}.Release|Any CPU.Build.0 = Release|Any CPU
		{9E0538DE-C45C-4930-A495-7F2CEC6031BB}.Debug|Any CPU.ActiveCfg = Debug|Any CPU
		{9E0538DE-C45C-4930-A495-7F2CEC6031BB}.Debug|Any CPU.Build.0 = Debug|Any CPU
		{9E0538DE-C45C-4930-A495-7F2CEC6031BB}.Release|Any CPU.ActiveCfg = Release|Any CPU
		{9E0538DE-C45C-4930-A495-7F2CEC6031BB}.Release|Any CPU.Build.0 = Release|Any CPU
	EndGlobalSection
	GlobalSection(SolutionProperties) = preSolution
		HideSolutionNode = FALSE
	EndGlobalSection
	GlobalSection(ExtensibilityGlobals) = postSolution
		SolutionGuid = {CFA69E40-FEF9-440A-B733-705636C03108}
	EndGlobalSection
EndGlobal
